
Microsoft Visual Studio Solution File, Format Version 12.00
# Visual Studio 14
VisualStudioVersion = 14.0.25123.0
MinimumVisualStudioVersion = 10.0.40219.1
Project("{FAE04EC0-301F-11D3-BF4B-00C04F79EFBC}") = "BrowserStackParallelTests", "BrowserStackParallelTests\BrowserStackParallelTests.csproj", "{AFFA598D-92E8-4003-B9BE-3DD12B7546A2}"
EndProject
Project("{FAE04EC0-301F-11D3-BF4B-00C04F79EFBC}") = "BrowserStackParallelLocalTests", "BrowserStackParallelLocalTests\BrowserStackParallelLocalTests.csproj", "{8B038244-5B7F-45E2-AC41-E346AA9B62AC}"
EndProject
Global
	GlobalSection(SolutionConfigurationPlatforms) = preSolution
		Debug|Any CPU = Debug|Any CPU
		Release|Any CPU = Release|Any CPU
	EndGlobalSection
	GlobalSection(ProjectConfigurationPlatforms) = postSolution
		{AFFA598D-92E8-4003-B9BE-3DD12B7546A2}.Debug|Any CPU.ActiveCfg = Debug|Any CPU
		{AFFA598D-92E8-4003-B9BE-3DD12B7546A2}.Debug|Any CPU.Build.0 = Debug|Any CPU
		{AFFA598D-92E8-4003-B9BE-3DD12B7546A2}.Release|Any CPU.ActiveCfg = Release|Any CPU
		{AFFA598D-92E8-4003-B9BE-3DD12B7546A2}.Release|Any CPU.Build.0 = Release|Any CPU
		{8B038244-5B7F-45E2-AC41-E346AA9B62AC}.Debug|Any CPU.ActiveCfg = Debug|Any CPU
		{8B038244-5B7F-45E2-AC41-E346AA9B62AC}.Debug|Any CPU.Build.0 = Debug|Any CPU
		{8B038244-5B7F-45E2-AC41-E346AA9B62AC}.Release|Any CPU.ActiveCfg = Release|Any CPU
		{8B038244-5B7F-45E2-AC41-E346AA9B62AC}.Release|Any CPU.Build.0 = Release|Any CPU
	EndGlobalSection
	GlobalSection(SolutionProperties) = preSolution
		HideSolutionNode = FALSE
	EndGlobalSection
EndGlobal
